{
  "name": "package-test",
  "version": "1.0.0",
  "lockfileVersion": 2,
  "requires": true,
  "packages": {
    "": {
      "name": "package-test",
      "version": "1.0.0",
      "license": "MIT",
      "dependencies": {
        "convert": "^4.5.0",
        "moment": "^2.29.3"
      }
    },
    "node_modules/convert": {
      "version": "4.5.0",
      "resolved": "https://registry.npmjs.org/convert/-/convert-4.5.0.tgz",
      "integrity": "sha512-mBLj5cAMDme+gNEkO9XWqlk0silGlsCe7MAAr7WBLaQYbYTWGW+/D1b69ozhuUiDu7vmDxvQzD5fAM/d1NR/1A=="
    },
    "node_modules/moment": {
      "version": "2.29.3",
      "resolved": "https://registry.npmjs.org/moment/-/moment-2.29.3.tgz",
      "integrity": "sha512-c6YRvhEo//6T2Jz/vVtYzqBzwvPT95JBQ+smCytzf7c50oMZRsR/a4w88aD34I+/QVSfnoAnSBFPJHItlOMJVw==",
      "engines": {
        "node": "*"
      }
    }
  },
  "dependencies": {
    "convert": {
      "version": "4.5.0",
      "resolved": "https://registry.npmjs.org/convert/-/convert-4.5.0.tgz",
      "integrity": "sha512-mBLj5cAMDme+gNEkO9XWqlk0silGlsCe7MAAr7WBLaQYbYTWGW+/D1b69ozhuUiDu7vmDxvQzD5fAM/d1NR/1A=="
    },
    "moment": {
      "version": "2.29.3",
      "resolved": "https://registry.npmjs.org/moment/-/moment-2.29.3.tgz",
      "integrity": "sha512-c6YRvhEo//6T2Jz/vVtYzqBzwvPT95JBQ+smCytzf7c50oMZRsR/a4w88aD34I+/QVSfnoAnSBFPJHItlOMJVw=="
    }
  }
}
